
Microsoft Visual Studio Solution File, Format Version 12.00
# Visual Studio Version 17
VisualStudioVersion = 17.14.36705.20 d17.14
MinimumVisualStudioVersion = 10.0.40219.1
Project("{FAE04EC0-301F-11D3-BF4B-00C04F79EFBC}") = "migrations_app", "migrations_app\migrations_app.csproj", "{9AE15DF4-AF72-424D-B1EE-8D2888DA807E}"
EndProject
Global
	GlobalSection(SolutionConfigurationPlatforms) = preSolution
		Debug|Any CPU = Debug|Any CPU
		Release|Any CPU = Release|Any CPU
	EndGlobalSection
	GlobalSection(ProjectConfigurationPlatforms) = postSolution
		{9AE15DF4-AF72-424D-B1EE-8D2888DA807E}.Debug|Any CPU.ActiveCfg = Debug|Any CPU
		{9AE15DF4-AF72-424D-B1EE-8D2888DA807E}.Debug|Any CPU.Build.0 = Debug|Any CPU
		{9AE15DF4-AF72-424D-B1EE-8D2888DA807E}.Release|Any CPU.ActiveCfg = Release|Any CPU
		{9AE15DF4-AF72-424D-B1EE-8D2888DA807E}.Release|Any CPU.Build.0 = Release|Any CPU
	EndGlobalSection
	GlobalSection(SolutionProperties) = preSolution
		HideSolutionNode = FALSE
	EndGlobalSection
	GlobalSection(ExtensibilityGlobals) = postSolution
		SolutionGuid = {DEE9A0F2-51FE-4673-AD0C-8C94C58E6990}
	EndGlobalSection
EndGlobal
